
Microsoft Visual Studio Solution File, Format Version 12.00
# Visual Studio Version 16
VisualStudioVersion = 16.0.29102.190
MinimumVisualStudioVersion = 10.0.40219.1
Project("{FAE04EC0-301F-11D3-BF4B-00C04F79EFBC}") = "DevExpress", "DevExpress\DevExpress.csproj", "{EE6A2B8B-5C3E-496A-8200-CC232F06DD4F}"
	ProjectSection(ProjectDependencies) = postProject
		{F0A6C913-5A13-4DA9-97E2-E75D2F469EC9} = {F0A6C913-5A13-4DA9-97E2-E75D2F469EC9}
		{BC065B48-916E-4C57-BAA0-EB7C6B1E555D} = {BC065B48-916E-4C57-BAA0-EB7C6B1E555D}
	EndProjectSection
EndProject
Project("{FAE04EC0-301F-11D3-BF4B-00C04F79EFBC}") = "Dal", "Dal\Dal.csproj", "{F0A6C913-5A13-4DA9-97E2-E75D2F469EC9}"
EndProject
Project("{FAE04EC0-301F-11D3-BF4B-00C04F79EFBC}") = "MVP", "MVP\MVP.csproj", "{BC065B48-916E-4C57-BAA0-EB7C6B1E555D}"
	ProjectSection(ProjectDependencies) = postProject
		{F0A6C913-5A13-4DA9-97E2-E75D2F469EC9} = {F0A6C913-5A13-4DA9-97E2-E75D2F469EC9}
	EndProjectSection
EndProject
Project("{FAE04EC0-301F-11D3-BF4B-00C04F79EFBC}") = "Services", "Services\Services.csproj", "{CDD99DBE-F76B-4988-A9E3-621963E46A82}"
EndProject
Project("{2150E333-8FDC-42A3-9474-1A3956D46DE8}") = "Readme", "Readme", "{EB4FA5F0-0579-435C-8232-C81FF497DF36}"
	ProjectSection(SolutionItems) = preProject
		Readme.txt = Readme.txt
	EndProjectSection
EndProject
Project("{FAE04EC0-301F-11D3-BF4B-00C04F79EFBC}") = "Tests", "MVPTests1\Tests.csproj", "{65B43ECC-D057-4736-91B6-82714DACC1A1}"
EndProject
Global
	GlobalSection(SolutionConfigurationPlatforms) = preSolution
		Debug|Any CPU = Debug|Any CPU
		Release|Any CPU = Release|Any CPU
	EndGlobalSection
	GlobalSection(ProjectConfigurationPlatforms) = postSolution
		{EE6A2B8B-5C3E-496A-8200-CC232F06DD4F}.Debug|Any CPU.ActiveCfg = Debug|Any CPU
		{EE6A2B8B-5C3E-496A-8200-CC232F06DD4F}.Debug|Any CPU.Build.0 = Debug|Any CPU
		{EE6A2B8B-5C3E-496A-8200-CC232F06DD4F}.Release|Any CPU.ActiveCfg = Release|Any CPU
		{EE6A2B8B-5C3E-496A-8200-CC232F06DD4F}.Release|Any CPU.Build.0 = Release|Any CPU
		{F0A6C913-5A13-4DA9-97E2-E75D2F469EC9}.Debug|Any CPU.ActiveCfg = Debug|Any CPU
		{F0A6C913-5A13-4DA9-97E2-E75D2F469EC9}.Debug|Any CPU.Build.0 = Debug|Any CPU
		{F0A6C913-5A13-4DA9-97E2-E75D2F469EC9}.Release|Any CPU.ActiveCfg = Release|Any CPU
		{F0A6C913-5A13-4DA9-97E2-E75D2F469EC9}.Release|Any CPU.Build.0 = Release|Any CPU
		{BC065B48-916E-4C57-BAA0-EB7C6B1E555D}.Debug|Any CPU.ActiveCfg = Debug|Any CPU
		{BC065B48-916E-4C57-BAA0-EB7C6B1E555D}.Debug|Any CPU.Build.0 = Debug|Any CPU
		{BC065B48-916E-4C57-BAA0-EB7C6B1E555D}.Release|Any CPU.ActiveCfg = Release|Any CPU
		{BC065B48-916E-4C57-BAA0-EB7C6B1E555D}.Release|Any CPU.Build.0 = Release|Any CPU
		{CDD99DBE-F76B-4988-A9E3-621963E46A82}.Debug|Any CPU.ActiveCfg = Debug|Any CPU
		{CDD99DBE-F76B-4988-A9E3-621963E46A82}.Debug|Any CPU.Build.0 = Debug|Any CPU
		{CDD99DBE-F76B-4988-A9E3-621963E46A82}.Release|Any CPU.ActiveCfg = Release|Any CPU
		{CDD99DBE-F76B-4988-A9E3-621963E46A82}.Release|Any CPU.Build.0 = Release|Any CPU
		{65B43ECC-D057-4736-91B6-82714DACC1A1}.Debug|Any CPU.ActiveCfg = Debug|Any CPU
		{65B43ECC-D057-4736-91B6-82714DACC1A1}.Debug|Any CPU.Build.0 = Debug|Any CPU
		{65B43ECC-D057-4736-91B6-82714DACC1A1}.Release|Any CPU.ActiveCfg = Release|Any CPU
		{65B43ECC-D057-4736-91B6-82714DACC1A1}.Release|Any CPU.Build.0 = Release|Any CPU
	EndGlobalSection
	GlobalSection(SolutionProperties) = preSolution
		HideSolutionNode = FALSE
	EndGlobalSection
	GlobalSection(ExtensibilityGlobals) = postSolution
		SolutionGuid = {C9AC8BD5-5D86-4546-AD83-BEF2D6864E99}
	EndGlobalSection
EndGlobal
